
Microsoft Visual Studio Solution File, Format Version 12.00
# Visual Studio 15
VisualStudioVersion = 15.0.28010.2016
MinimumVisualStudioVersion = 10.0.40219.1
Project("{00D1A9C2-B5F0-4AF3-8072-F6C62B433612}") = "DatabaseDemo", "DatabaseDemo\DatabaseDemo.sqlproj", "{033380A4-870F-42C9-AA9A-D811A5E246CA}"
EndProject
Global
	GlobalSection(SolutionConfigurationPlatforms) = preSolution
		Debug|Any CPU = Debug|Any CPU
		Release|Any CPU = Release|Any CPU
	EndGlobalSection
	GlobalSection(ProjectConfigurationPlatforms) = postSolution
		{033380A4-870F-42C9-AA9A-D811A5E246CA}.Debug|Any CPU.ActiveCfg = Debug|Any CPU
		{033380A4-870F-42C9-AA9A-D811A5E246CA}.Debug|Any CPU.Build.0 = Debug|Any CPU
		{033380A4-870F-42C9-AA9A-D811A5E246CA}.Debug|Any CPU.Deploy.0 = Debug|Any CPU
		{033380A4-870F-42C9-AA9A-D811A5E246CA}.Release|Any CPU.ActiveCfg = Release|Any CPU
		{033380A4-870F-42C9-AA9A-D811A5E246CA}.Release|Any CPU.Build.0 = Release|Any CPU
		{033380A4-870F-42C9-AA9A-D811A5E246CA}.Release|Any CPU.Deploy.0 = Release|Any CPU
	EndGlobalSection
	GlobalSection(SolutionProperties) = preSolution
		HideSolutionNode = FALSE
	EndGlobalSection
	GlobalSection(ExtensibilityGlobals) = postSolution
		SolutionGuid = {D3B7AAD1-0E9D-4D76-B06A-402B3B24CAC2}
	EndGlobalSection
EndGlobal
